{
  "name": "slickgrid-universal-vite-demo",
  "version": "0.0.0",
  "lockfileVersion": 3,
  "requires": true,
  "packages": {
    "": {
      "name": "slickgrid-universal-vite-demo",
      "version": "0.0.0",
      "dependencies": {
        "@faker-js/faker": "^9.8.0",
        "@fnando/sparkline": "^0.3.10",
        "@formkit/tempo": "^0.1.2",
        "@slickgrid-universal/binding": "^9.0.0",
        "@slickgrid-universal/common": "^9.1.0",
        "@slickgrid-universal/composite-editor-component": "^9.1.0",
        "@slickgrid-universal/custom-tooltip-plugin": "^9.1.0",
        "@slickgrid-universal/excel-export": "^9.1.0",
        "@slickgrid-universal/graphql": "^9.1.0",
        "@slickgrid-universal/odata": "^9.1.0",
        "@slickgrid-universal/row-detail-view-plugin": "^9.1.0",
        "@slickgrid-universal/rxjs-observable": "^9.1.0",
        "@slickgrid-universal/text-export": "^9.1.0",
        "@slickgrid-universal/vanilla-bundle": "^9.1.0",
        "@slickgrid-universal/vanilla-force-bundle": "^9.1.0",
        "bulma": "^1.0.4",
        "dompurify": "^3.2.6",
        "rxjs": "^7.8.2",
        "whatwg-fetch": "^3.6.20"
      },
      "devDependencies": {
        "@rollup/plugin-dynamic-import-vars": "^2.1.5",
        "@types/fnando__sparkline": "^0.3.7",
        "@types/node": "^22.15.29",
        "@types/whatwg-fetch": "^0.0.33",
        "sass": "^1.89.1",
        "typescript": "^5.8.3",
        "vite": "^6.3.5"
      }
    },
    "node_modules/@esbuild/win32-x64": {
      "version": "0.25.1",
      "cpu": [
        "x64"
      ],
      "dev": true,
      "license": "MIT",
      "optional": true,
      "os": [
        "win32"
      ],
      "engines": {
        "node": ">=18"
      }
    },
    "node_modules/@excel-builder-vanilla/types": {
      "version": "4.0.1",
      "resolved": "https://registry.npmjs.org/@excel-builder-vanilla/types/-/types-4.0.1.tgz",
      "integrity": "sha512-jUeMSeKDavKPArdfNroST4P6oJ9rBqp9SwgQxjdlahLcLU9dsM9teHuKpdop7q6apykou1Tf8pGd0b5rt5MYbw==",
      "license": "MIT",
      "dependencies": {
        "fflate": "^0.8.2"
      },
      "funding": {
        "type": "ko_fi",
        "url": "https://ko-fi.com/ghiscoding"
      }
    },
    "node_modules/@faker-js/faker": {
      "version": "9.8.0",
      "resolved": "https://registry.npmjs.org/@faker-js/faker/-/faker-9.8.0.tgz",
      "integrity": "sha512-U9wpuSrJC93jZBxx/Qq2wPjCuYISBueyVUGK7qqdmj7r/nxaxwW8AQDCLeRO7wZnjj94sh3p246cAYjUKuqgfg==",
      "funding": [
        {
          "type": "opencollective",
          "url": "https://opencollective.com/fakerjs"
        }
      ],
      "license": "MIT",
      "engines": {
        "node": ">=18.0.0",
        "npm": ">=9.0.0"
      }
    },
    "node_modules/@fnando/sparkline": {
      "version": "0.3.10",
      "license": "MIT"
    },
    "node_modules/@formkit/tempo": {
      "version": "0.1.2",
      "license": "MIT"
    },
    "node_modules/@jridgewell/sourcemap-codec": {
      "version": "1.4.15",
      "dev": true,
      "license": "MIT"
    },
    "node_modules/@nodelib/fs.scandir": {
      "version": "2.1.5",
      "dev": true,
      "license": "MIT",
      "dependencies": {
        "@nodelib/fs.stat": "2.0.5",
        "run-parallel": "^1.1.9"
      },
      "engines": {
        "node": ">= 8"
      }
    },
    "node_modules/@nodelib/fs.stat": {
      "version": "2.0.5",
      "dev": true,
      "license": "MIT",
      "engines": {
        "node": ">= 8"
      }
    },
    "node_modules/@nodelib/fs.walk": {
      "version": "1.2.8",
      "dev": true,
      "license": "MIT",
      "dependencies": {
        "@nodelib/fs.scandir": "2.1.5",
        "fastq": "^1.6.0"
      },
      "engines": {
        "node": ">= 8"
      }
    },
    "node_modules/@parcel/watcher": {
      "version": "2.5.0",
      "dev": true,
      "hasInstallScript": true,
      "license": "MIT",
      "optional": true,
      "dependencies": {
        "detect-libc": "^1.0.3",
        "is-glob": "^4.0.3",
        "micromatch": "^4.0.5",
        "node-addon-api": "^7.0.0"
      },
      "engines": {
        "node": ">= 10.0.0"
      },
      "funding": {
        "type": "opencollective",
        "url": "https://opencollective.com/parcel"
      },
      "optionalDependencies": {
        "@parcel/watcher-android-arm64": "2.5.0",
        "@parcel/watcher-darwin-arm64": "2.5.0",
        "@parcel/watcher-darwin-x64": "2.5.0",
        "@parcel/watcher-freebsd-x64": "2.5.0",
        "@parcel/watcher-linux-arm-glibc": "2.5.0",
        "@parcel/watcher-linux-arm-musl": "2.5.0",
        "@parcel/watcher-linux-arm64-glibc": "2.5.0",
        "@parcel/watcher-linux-arm64-musl": "2.5.0",
        "@parcel/watcher-linux-x64-glibc": "2.5.0",
        "@parcel/watcher-linux-x64-musl": "2.5.0",
        "@parcel/watcher-win32-arm64": "2.5.0",
        "@parcel/watcher-win32-ia32": "2.5.0",
        "@parcel/watcher-win32-x64": "2.5.0"
      }
    },
    "node_modules/@parcel/watcher-win32-x64": {
      "version": "2.5.0",
      "cpu": [
        "x64"
      ],
      "dev": true,
      "license": "MIT",
      "optional": true,
      "os": [
        "win32"
      ],
      "engines": {
        "node": ">= 10.0.0"
      },
      "funding": {
        "type": "opencollective",
        "url": "https://opencollective.com/parcel"
      }
    },
    "node_modules/@rollup/plugin-dynamic-import-vars": {
      "version": "2.1.5",
      "dev": true,
      "license": "MIT",
      "dependencies": {
        "@rollup/pluginutils": "^5.0.1",
        "astring": "^1.8.5",
        "estree-walker": "^2.0.2",
        "fast-glob": "^3.2.12",
        "magic-string": "^0.30.3"
      },
      "engines": {
        "node": ">=14.0.0"
      },
      "peerDependencies": {
        "rollup": "^1.20.0||^2.0.0||^3.0.0||^4.0.0"
      },
      "peerDependenciesMeta": {
        "rollup": {
          "optional": true
        }
      }
    },
    "node_modules/@rollup/pluginutils": {
      "version": "5.0.2",
      "dev": true,
      "license": "MIT",
      "dependencies": {
        "@types/estree": "^1.0.0",
        "estree-walker": "^2.0.2",
        "picomatch": "^2.3.1"
      },
      "engines": {
        "node": ">=14.0.0"
      },
      "peerDependencies": {
        "rollup": "^1.20.0||^2.0.0||^3.0.0"
      },
      "peerDependenciesMeta": {
        "rollup": {
          "optional": true
        }
      }
    },
    "node_modules/@rollup/pluginutils/node_modules/picomatch": {
      "version": "2.3.1",
      "dev": true,
      "license": "MIT",
      "engines": {
        "node": ">=8.6"
      },
      "funding": {
        "url": "https://github.com/sponsors/jonschlinkert"
      }
    },
    "node_modules/@rollup/rollup-android-arm-eabi": {
      "version": "4.40.2",
      "resolved": "https://registry.npmjs.org/@rollup/rollup-android-arm-eabi/-/rollup-android-arm-eabi-4.40.2.tgz",
      "integrity": "sha512-JkdNEq+DFxZfUwxvB58tHMHBHVgX23ew41g1OQinthJ+ryhdRk67O31S7sYw8u2lTjHUPFxwar07BBt1KHp/hg==",
      "cpu": [
        "arm"
      ],
      "dev": true,
      "license": "MIT",
      "optional": true,
      "os": [
        "android"
      ]
    },
    "node_modules/@rollup/rollup-android-arm64": {
      "version": "4.40.2",
      "resolved": "https://registry.npmjs.org/@rollup/rollup-android-arm64/-/rollup-android-arm64-4.40.2.tgz",
      "integrity": "sha512-13unNoZ8NzUmnndhPTkWPWbX3vtHodYmy+I9kuLxN+F+l+x3LdVF7UCu8TWVMt1POHLh6oDHhnOA04n8oJZhBw==",
      "cpu": [
        "arm64"
      ],
      "dev": true,
      "license": "MIT",
      "optional": true,
      "os": [
        "android"
      ]
    },
    "node_modules/@rollup/rollup-darwin-arm64": {
      "version": "4.40.2",
      "resolved": "https://registry.npmjs.org/@rollup/rollup-darwin-arm64/-/rollup-darwin-arm64-4.40.2.tgz",
      "integrity": "sha512-Gzf1Hn2Aoe8VZzevHostPX23U7N5+4D36WJNHK88NZHCJr7aVMG4fadqkIf72eqVPGjGc0HJHNuUaUcxiR+N/w==",
      "cpu": [
        "arm64"
      ],
      "dev": true,
      "license": "MIT",
      "optional": true,
      "os": [
        "darwin"
      ]
    },
    "node_modules/@rollup/rollup-darwin-x64": {
      "version": "4.40.2",
      "resolved": "https://registry.npmjs.org/@rollup/rollup-darwin-x64/-/rollup-darwin-x64-4.40.2.tgz",
      "integrity": "sha512-47N4hxa01a4x6XnJoskMKTS8XZ0CZMd8YTbINbi+w03A2w4j1RTlnGHOz/P0+Bg1LaVL6ufZyNprSg+fW5nYQQ==",
      "cpu": [
        "x64"
      ],
      "dev": true,
      "license": "MIT",
      "optional": true,
      "os": [
        "darwin"
      ]
    },
    "node_modules/@rollup/rollup-freebsd-arm64": {
      "version": "4.40.2",
      "resolved": "https://registry.npmjs.org/@rollup/rollup-freebsd-arm64/-/rollup-freebsd-arm64-4.40.2.tgz",
      "integrity": "sha512-8t6aL4MD+rXSHHZUR1z19+9OFJ2rl1wGKvckN47XFRVO+QL/dUSpKA2SLRo4vMg7ELA8pzGpC+W9OEd1Z/ZqoQ==",
      "cpu": [
        "arm64"
      ],
      "dev": true,
      "license": "MIT",
      "optional": true,
      "os": [
        "freebsd"
      ]
    },
    "node_modules/@rollup/rollup-freebsd-x64": {
      "version": "4.40.2",
      "resolved": "https://registry.npmjs.org/@rollup/rollup-freebsd-x64/-/rollup-freebsd-x64-4.40.2.tgz",
      "integrity": "sha512-C+AyHBzfpsOEYRFjztcYUFsH4S7UsE9cDtHCtma5BK8+ydOZYgMmWg1d/4KBytQspJCld8ZIujFMAdKG1xyr4Q==",
      "cpu": [
        "x64"
      ],
      "dev": true,
      "license": "MIT",
      "optional": true,
      "os": [
        "freebsd"
      ]
    },
    "node_modules/@rollup/rollup-linux-arm-gnueabihf": {
      "version": "4.40.2",
      "resolved": "https://registry.npmjs.org/@rollup/rollup-linux-arm-gnueabihf/-/rollup-linux-arm-gnueabihf-4.40.2.tgz",
      "integrity": "sha512-de6TFZYIvJwRNjmW3+gaXiZ2DaWL5D5yGmSYzkdzjBDS3W+B9JQ48oZEsmMvemqjtAFzE16DIBLqd6IQQRuG9Q==",
      "cpu": [
        "arm"
      ],
      "dev": true,
      "license": "MIT",
      "optional": true,
      "os": [
        "linux"
      ]
    },
    "node_modules/@rollup/rollup-linux-arm-musleabihf": {
      "version": "4.40.2",
      "resolved": "https://registry.npmjs.org/@rollup/rollup-linux-arm-musleabihf/-/rollup-linux-arm-musleabihf-4.40.2.tgz",
      "integrity": "sha512-urjaEZubdIkacKc930hUDOfQPysezKla/O9qV+O89enqsqUmQm8Xj8O/vh0gHg4LYfv7Y7UsE3QjzLQzDYN1qg==",
      "cpu": [
        "arm"
      ],
      "dev": true,
      "license": "MIT",
      "optional": true,
      "os": [
        "linux"
      ]
    },
    "node_modules/@rollup/rollup-linux-arm64-gnu": {
      "version": "4.40.2",
      "resolved": "https://registry.npmjs.org/@rollup/rollup-linux-arm64-gnu/-/rollup-linux-arm64-gnu-4.40.2.tgz",
      "integrity": "sha512-KlE8IC0HFOC33taNt1zR8qNlBYHj31qGT1UqWqtvR/+NuCVhfufAq9fxO8BMFC22Wu0rxOwGVWxtCMvZVLmhQg==",
      "cpu": [
        "arm64"
      ],
      "dev": true,
      "license": "MIT",
      "optional": true,
      "os": [
        "linux"
      ]
    },
    "node_modules/@rollup/rollup-linux-arm64-musl": {
      "version": "4.40.2",
      "resolved": "https://registry.npmjs.org/@rollup/rollup-linux-arm64-musl/-/rollup-linux-arm64-musl-4.40.2.tgz",
      "integrity": "sha512-j8CgxvfM0kbnhu4XgjnCWJQyyBOeBI1Zq91Z850aUddUmPeQvuAy6OiMdPS46gNFgy8gN1xkYyLgwLYZG3rBOg==",
      "cpu": [
        "arm64"
      ],
      "dev": true,
      "license": "MIT",
      "optional": true,
      "os": [
        "linux"
      ]
    },
    "node_modules/@rollup/rollup-linux-loongarch64-gnu": {
      "version": "4.40.2",
      "resolved": "https://registry.npmjs.org/@rollup/rollup-linux-loongarch64-gnu/-/rollup-linux-loongarch64-gnu-4.40.2.tgz",
      "integrity": "sha512-Ybc/1qUampKuRF4tQXc7G7QY9YRyeVSykfK36Y5Qc5dmrIxwFhrOzqaVTNoZygqZ1ZieSWTibfFhQ5qK8jpWxw==",
      "cpu": [
        "loong64"
      ],
      "dev": true,
      "license": "MIT",
      "optional": true,
      "os": [
        "linux"
      ]
    },
    "node_modules/@rollup/rollup-linux-powerpc64le-gnu": {
      "version": "4.40.2",
      "resolved": "https://registry.npmjs.org/@rollup/rollup-linux-powerpc64le-gnu/-/rollup-linux-powerpc64le-gnu-4.40.2.tgz",
      "integrity": "sha512-3FCIrnrt03CCsZqSYAOW/k9n625pjpuMzVfeI+ZBUSDT3MVIFDSPfSUgIl9FqUftxcUXInvFah79hE1c9abD+Q==",
      "cpu": [
        "ppc64"
      ],
      "dev": true,
      "license": "MIT",
      "optional": true,
      "os": [
        "linux"
      ]
    },
    "node_modules/@rollup/rollup-linux-riscv64-gnu": {
      "version": "4.40.2",
      "resolved": "https://registry.npmjs.org/@rollup/rollup-linux-riscv64-gnu/-/rollup-linux-riscv64-gnu-4.40.2.tgz",
      "integrity": "sha512-QNU7BFHEvHMp2ESSY3SozIkBPaPBDTsfVNGx3Xhv+TdvWXFGOSH2NJvhD1zKAT6AyuuErJgbdvaJhYVhVqrWTg==",
      "cpu": [
        "riscv64"
      ],
      "dev": true,
      "license": "MIT",
      "optional": true,
      "os": [
        "linux"
      ]
    },
    "node_modules/@rollup/rollup-linux-riscv64-musl": {
      "version": "4.40.2",
      "resolved": "https://registry.npmjs.org/@rollup/rollup-linux-riscv64-musl/-/rollup-linux-riscv64-musl-4.40.2.tgz",
      "integrity": "sha512-5W6vNYkhgfh7URiXTO1E9a0cy4fSgfE4+Hl5agb/U1sa0kjOLMLC1wObxwKxecE17j0URxuTrYZZME4/VH57Hg==",
      "cpu": [
        "riscv64"
      ],
      "dev": true,
      "license": "MIT",
      "optional": true,
      "os": [
        "linux"
      ]
    },
    "node_modules/@rollup/rollup-linux-s390x-gnu": {
      "version": "4.40.2",
      "resolved": "https://registry.npmjs.org/@rollup/rollup-linux-s390x-gnu/-/rollup-linux-s390x-gnu-4.40.2.tgz",
      "integrity": "sha512-B7LKIz+0+p348JoAL4X/YxGx9zOx3sR+o6Hj15Y3aaApNfAshK8+mWZEf759DXfRLeL2vg5LYJBB7DdcleYCoQ==",
      "cpu": [
        "s390x"
      ],
      "dev": true,
      "license": "MIT",
      "optional": true,
      "os": [
        "linux"
      ]
    },
    "node_modules/@rollup/rollup-linux-x64-gnu": {
      "version": "4.40.2",
      "resolved": "https://registry.npmjs.org/@rollup/rollup-linux-x64-gnu/-/rollup-linux-x64-gnu-4.40.2.tgz",
      "integrity": "sha512-lG7Xa+BmBNwpjmVUbmyKxdQJ3Q6whHjMjzQplOs5Z+Gj7mxPtWakGHqzMqNER68G67kmCX9qX57aRsW5V0VOng==",
      "cpu": [
        "x64"
      ],
      "dev": true,
      "license": "MIT",
      "optional": true,
      "os": [
        "linux"
      ]
    },
    "node_modules/@rollup/rollup-linux-x64-musl": {
      "version": "4.40.2",
      "resolved": "https://registry.npmjs.org/@rollup/rollup-linux-x64-musl/-/rollup-linux-x64-musl-4.40.2.tgz",
      "integrity": "sha512-tD46wKHd+KJvsmije4bUskNuvWKFcTOIM9tZ/RrmIvcXnbi0YK/cKS9FzFtAm7Oxi2EhV5N2OpfFB348vSQRXA==",
      "cpu": [
        "x64"
      ],
      "dev": true,
      "license": "MIT",
      "optional": true,
      "os": [
        "linux"
      ]
    },
    "node_modules/@rollup/rollup-win32-arm64-msvc": {
      "version": "4.40.2",
      "resolved": "https://registry.npmjs.org/@rollup/rollup-win32-arm64-msvc/-/rollup-win32-arm64-msvc-4.40.2.tgz",
      "integrity": "sha512-Bjv/HG8RRWLNkXwQQemdsWw4Mg+IJ29LK+bJPW2SCzPKOUaMmPEppQlu/Fqk1d7+DX3V7JbFdbkh/NMmurT6Pg==",
      "cpu": [
        "arm64"
      ],
      "dev": true,
      "license": "MIT",
      "optional": true,
      "os": [
        "win32"
      ]
    },
    "node_modules/@rollup/rollup-win32-ia32-msvc": {
      "version": "4.40.2",
      "resolved": "https://registry.npmjs.org/@rollup/rollup-win32-ia32-msvc/-/rollup-win32-ia32-msvc-4.40.2.tgz",
      "integrity": "sha512-dt1llVSGEsGKvzeIO76HToiYPNPYPkmjhMHhP00T9S4rDern8P2ZWvWAQUEJ+R1UdMWJ/42i/QqJ2WV765GZcA==",
      "cpu": [
        "ia32"
      ],
      "dev": true,
      "license": "MIT",
      "optional": true,
      "os": [
        "win32"
      ]
    },
    "node_modules/@rollup/rollup-win32-x64-msvc": {
      "version": "4.40.2",
      "resolved": "https://registry.npmjs.org/@rollup/rollup-win32-x64-msvc/-/rollup-win32-x64-msvc-4.40.2.tgz",
      "integrity": "sha512-bwspbWB04XJpeElvsp+DCylKfF4trJDa2Y9Go8O6A7YLX2LIKGcNK/CYImJN6ZP4DcuOHB4Utl3iCbnR62DudA==",
      "cpu": [
        "x64"
      ],
      "dev": true,
      "license": "MIT",
      "optional": true,
      "os": [
        "win32"
      ]
    },
    "node_modules/@slickgrid-universal/binding": {
      "version": "9.0.0",
      "resolved": "https://registry.npmjs.org/@slickgrid-universal/binding/-/binding-9.0.0.tgz",
      "integrity": "sha512-xtK+ism+PBVQ7CibF6ZaQ2pRnI2fqp/VdCypcP+ZvNJgwSOMgNXFQQ6UyCvP8X+OdaHBnJjQP9RiEZKSvrQgTw==",
      "license": "MIT"
    },
    "node_modules/@slickgrid-universal/common": {
      "version": "9.1.0",
      "resolved": "https://registry.npmjs.org/@slickgrid-universal/common/-/common-9.1.0.tgz",
      "integrity": "sha512-Bn9zV3ZIY7v04Di/NPfaMsQ81GjOj75oohghiQUdT1k6sED9hKJ0mNXZg5NJ6XqiuoV1XnM/dwLt2606LrHwrg==",
      "license": "MIT",
      "dependencies": {
        "@excel-builder-vanilla/types": "^4.0.1",
        "@formkit/tempo": "^0.1.2",
        "@slickgrid-universal/binding": "9.0.0",
        "@slickgrid-universal/event-pub-sub": "9.0.0",
        "@slickgrid-universal/utils": "9.0.0",
        "@types/sortablejs": "^1.15.8",
        "@types/trusted-types": "^2.0.7",
        "autocompleter": "^9.3.2",
        "dequal": "^2.0.3",
        "multiple-select-vanilla": "^4.2.0",
        "sortablejs": "^1.15.6",
        "un-flatten-tree": "^2.0.12",
        "vanilla-calendar-pro": "^3.0.4"
      },
      "funding": {
        "type": "ko_fi",
        "url": "https://ko-fi.com/ghiscoding"
      }
    },
    "node_modules/@slickgrid-universal/composite-editor-component": {
      "version": "9.1.0",
      "resolved": "https://registry.npmjs.org/@slickgrid-universal/composite-editor-component/-/composite-editor-component-9.1.0.tgz",
      "integrity": "sha512-QQCSt5sdLIFccUjqA1F7R6rkcdPYF8t/kd/pJSyJznIkMHm7pvxcQiPTXuLW/fgGrfnzE6eWaA+oTsxXgSJjsg==",
      "license": "MIT",
      "dependencies": {
        "@slickgrid-universal/binding": "9.0.0",
        "@slickgrid-universal/common": "9.1.0",
        "@slickgrid-universal/utils": "9.0.0"
      }
    },
    "node_modules/@slickgrid-universal/custom-footer-component": {
      "version": "9.1.0",
      "resolved": "https://registry.npmjs.org/@slickgrid-universal/custom-footer-component/-/custom-footer-component-9.1.0.tgz",
      "integrity": "sha512-pUxPNsTw8S7no6XR+fym6KNwkPD2wqTJEv/MXyrJxkHkr8wKxr/H13/NtalTkoUadhAVN76VGeZ8MaE31ykI1g==",
      "license": "MIT",
      "dependencies": {
        "@formkit/tempo": "^0.1.2",
        "@slickgrid-universal/binding": "9.0.0",
        "@slickgrid-universal/common": "9.1.0"
      }
    },
    "node_modules/@slickgrid-universal/custom-tooltip-plugin": {
      "version": "9.1.0",
      "resolved": "https://registry.npmjs.org/@slickgrid-universal/custom-tooltip-plugin/-/custom-tooltip-plugin-9.1.0.tgz",
      "integrity": "sha512-p0mJxoh0nYnTtTn/xqQLlJuOMNzxOjtMZarthvl5yYqLxtePc5izdxgrSy4SFsvd7Hl3LAphC8vnQTkRjMcuFQ==",
      "license": "MIT",
      "dependencies": {
        "@slickgrid-universal/common": "9.1.0",
        "@slickgrid-universal/utils": "9.0.0"
      }
    },
    "node_modules/@slickgrid-universal/empty-warning-component": {
      "version": "9.1.0",
      "resolved": "https://registry.npmjs.org/@slickgrid-universal/empty-warning-component/-/empty-warning-component-9.1.0.tgz",
      "integrity": "sha512-Ey1LoHD7wm9HtaTCDRMPL8VHP/s1PbNa19OQyKZGM1DqLIxNyWV8jSdSEIwysphJhQc1VrTWigK8r0WcVzAcKA==",
      "license": "MIT",
      "dependencies": {
        "@slickgrid-universal/common": "9.1.0"
      }
    },
    "node_modules/@slickgrid-universal/event-pub-sub": {
      "version": "9.0.0",
      "resolved": "https://registry.npmjs.org/@slickgrid-universal/event-pub-sub/-/event-pub-sub-9.0.0.tgz",
      "integrity": "sha512-Z3caBgN3b5fUp+201v3DxYk2S0w8B1559cKXzCwhVsNE00hmcKtsQMxCcYXAyk/IcSuM2m3Q0ZzSIgvT2qGJOw==",
      "license": "MIT",
      "dependencies": {
        "@slickgrid-universal/utils": "9.0.0"
      }
    },
    "node_modules/@slickgrid-universal/excel-export": {
      "version": "9.1.0",
      "resolved": "https://registry.npmjs.org/@slickgrid-universal/excel-export/-/excel-export-9.1.0.tgz",
      "integrity": "sha512-QbleSy9X8nVERdBx6vOSLmkzjVBD6/bt7NzBjwDSRuUbsk7EpnazFz+pGTwdtx0oQDLSbkZ8dGLeCueWuTt1iQ==",
      "license": "MIT",
      "dependencies": {
        "@slickgrid-universal/common": "9.1.0",
        "@slickgrid-universal/utils": "9.0.0",
        "excel-builder-vanilla": "^4.0.1"
      },
      "funding": {
        "type": "ko_fi",
        "url": "https://ko-fi.com/ghiscoding"
      }
    },
    "node_modules/@slickgrid-universal/graphql": {
      "version": "9.1.0",
      "resolved": "https://registry.npmjs.org/@slickgrid-universal/graphql/-/graphql-9.1.0.tgz",
      "integrity": "sha512-wvCyVkUhAxppENHxxAN9toBgTd3/TS/zFzTnLir/689JjaDdyKQhSwxvchMDIh8qNPXcp4YEzgjYZxdOSIpTDQ==",
      "license": "MIT",
      "dependencies": {
        "@slickgrid-universal/common": "9.1.0",
        "@slickgrid-universal/utils": "9.0.0"
      },
      "funding": {
        "type": "ko_fi",
        "url": "https://ko-fi.com/ghiscoding"
      }
    },
    "node_modules/@slickgrid-universal/odata": {
      "version": "9.1.0",
      "resolved": "https://registry.npmjs.org/@slickgrid-universal/odata/-/odata-9.1.0.tgz",
      "integrity": "sha512-Q4yklGV3pvLb+gAF5SgC0KTiu2GLkYKlqEIX/zypGWU8nJSfwEGQImh3KRtR0AXGs0JYicCQ5csx89ormECBhg==",
      "license": "MIT",
      "dependencies": {
        "@slickgrid-universal/common": "9.1.0",
        "@slickgrid-universal/utils": "9.0.0"
      },
      "funding": {
        "type": "ko_fi",
        "url": "https://ko-fi.com/ghiscoding"
      }
    },
    "node_modules/@slickgrid-universal/pagination-component": {
      "version": "9.1.0",
      "resolved": "https://registry.npmjs.org/@slickgrid-universal/pagination-component/-/pagination-component-9.1.0.tgz",
      "integrity": "sha512-OFZUkn9+pPejEpKS/AUTbenQRDCGfme8RygGMwFjGIhvLNy/DVF62HVwgV+P7ncAxVfb6k/h4DGPjkZE/PGlRw==",
      "license": "MIT",
      "dependencies": {
        "@slickgrid-universal/binding": "9.0.0",
        "@slickgrid-universal/common": "9.1.0"
      }
    },
    "node_modules/@slickgrid-universal/row-detail-view-plugin": {
      "version": "9.1.0",
      "resolved": "https://registry.npmjs.org/@slickgrid-universal/row-detail-view-plugin/-/row-detail-view-plugin-9.1.0.tgz",
      "integrity": "sha512-PLpjvdBW0oR6qQycS5XAldgB4WumcAle+H72EGpKtls54dMdJcvEED662XOhMcRwYu9vLUq4Q3RyBarcELIvRQ==",
      "license": "MIT",
      "dependencies": {
        "@slickgrid-universal/common": "9.1.0",
        "@slickgrid-universal/utils": "9.0.0"
      }
    },
    "node_modules/@slickgrid-universal/rxjs-observable": {
      "version": "9.1.0",
      "resolved": "https://registry.npmjs.org/@slickgrid-universal/rxjs-observable/-/rxjs-observable-9.1.0.tgz",
      "integrity": "sha512-d8Ol9L5o4kJO/DSaoP1PTmZ1zxukv7pbysXs+Vo69aHomlZ3ptnTZ7VQjmkyJ3y1FZXlLXlluvFVJnp8W1MO0w==",
      "license": "MIT",
      "dependencies": {
        "@slickgrid-universal/common": "9.1.0",
        "rxjs": "^7.8.2"
      }
    },
    "node_modules/@slickgrid-universal/text-export": {
      "version": "9.1.0",
      "resolved": "https://registry.npmjs.org/@slickgrid-universal/text-export/-/text-export-9.1.0.tgz",
      "integrity": "sha512-64AAsDFS9Na+r+h4gieO1rrYxpSIi5hh5puTs78pKl79mD5ewzEjX8SHHrvRrNx9mTYv4NzILuc0eYM0W5+RNw==",
      "license": "MIT",
      "dependencies": {
        "@slickgrid-universal/common": "9.1.0",
        "@slickgrid-universal/utils": "9.0.0",
        "text-encoding-utf-8": "^1.0.2"
      },
      "funding": {
        "type": "ko_fi",
        "url": "https://ko-fi.com/ghiscoding"
      }
    },
    "node_modules/@slickgrid-universal/utils": {
      "version": "9.0.0",
      "resolved": "https://registry.npmjs.org/@slickgrid-universal/utils/-/utils-9.0.0.tgz",
      "integrity": "sha512-aoJTifn20NLJH/2xhoNK2O9QAS3uoavFMXuOGjzjredI0Db5JpFF2hAGZF3qWMzMsMrSdhu67EdFzy+dCSIpPw==",
      "license": "MIT"
    },
    "node_modules/@slickgrid-universal/vanilla-bundle": {
      "version": "9.1.0",
      "resolved": "https://registry.npmjs.org/@slickgrid-universal/vanilla-bundle/-/vanilla-bundle-9.1.0.tgz",
      "integrity": "sha512-Fofzfzk7CIwhr10TVSnYlbHgNYEAH6cIBP258FM5a9lTAJGupYkEi2/qgUYVGGaj6m8x06BkjcftyT0zJzyEFA==",
      "license": "MIT",
      "dependencies": {
        "@slickgrid-universal/binding": "9.0.0",
        "@slickgrid-universal/common": "9.1.0",
        "@slickgrid-universal/custom-footer-component": "9.1.0",
        "@slickgrid-universal/empty-warning-component": "9.1.0",
        "@slickgrid-universal/event-pub-sub": "9.0.0",
        "@slickgrid-universal/pagination-component": "9.1.0",
        "@slickgrid-universal/utils": "9.0.0",
        "dequal": "^2.0.3",
        "sortablejs": "^1.15.6"
      },
      "funding": {
        "type": "ko_fi",
        "url": "https://ko-fi.com/ghiscoding"
      }
    },
    "node_modules/@slickgrid-universal/vanilla-force-bundle": {
      "version": "9.1.0",
      "resolved": "https://registry.npmjs.org/@slickgrid-universal/vanilla-force-bundle/-/vanilla-force-bundle-9.1.0.tgz",
      "integrity": "sha512-dt66QVbVGaTkvtw4BvJNWust0edOn9prbGGpFwJca+rLJ5K8qrU+dBkIgyENK0OkUjRyfRJM+3lmurX/JGZLKA==",
      "license": "MIT",
      "dependencies": {
        "@slickgrid-universal/binding": "9.0.0",
        "@slickgrid-universal/common": "9.1.0",
        "@slickgrid-universal/composite-editor-component": "9.1.0",
        "@slickgrid-universal/custom-footer-component": "9.1.0",
        "@slickgrid-universal/custom-tooltip-plugin": "9.1.0",
        "@slickgrid-universal/empty-warning-component": "9.1.0",
        "@slickgrid-universal/event-pub-sub": "9.0.0",
        "@slickgrid-universal/excel-export": "9.1.0",
        "@slickgrid-universal/pagination-component": "9.1.0",
        "@slickgrid-universal/text-export": "9.1.0",
        "@slickgrid-universal/utils": "9.0.0",
        "@slickgrid-universal/vanilla-bundle": "9.1.0"
      }
    },
    "node_modules/@types/estree": {
      "version": "1.0.7",
      "resolved": "https://registry.npmjs.org/@types/estree/-/estree-1.0.7.tgz",
      "integrity": "sha512-w28IoSUCJpidD/TGviZwwMJckNESJZXFu7NBZ5YJ4mEUnNraUn9Pm8HSZm/jDF1pDWYKspWE7oVphigUPRakIQ==",
      "dev": true,
      "license": "MIT"
    },
    "node_modules/@types/fnando__sparkline": {
      "version": "0.3.7",
      "dev": true,
      "license": "MIT"
    },
    "node_modules/@types/node": {
      "version": "22.15.29",
      "resolved": "https://registry.npmjs.org/@types/node/-/node-22.15.29.tgz",
      "integrity": "sha512-LNdjOkUDlU1RZb8e1kOIUpN1qQUlzGkEtbVNo53vbrwDg5om6oduhm4SiUaPW5ASTXhAiP0jInWG8Qx9fVlOeQ==",
      "dev": true,
      "license": "MIT",
      "dependencies": {
        "undici-types": "~6.21.0"
      }
    },
    "node_modules/@types/sortablejs": {
      "version": "1.15.8",
      "license": "MIT"
    },
    "node_modules/@types/trusted-types": {
      "version": "2.0.7",
      "license": "MIT"
    },
    "node_modules/@types/whatwg-fetch": {
      "version": "0.0.33",
      "dev": true,
      "license": "MIT",
      "dependencies": {
        "@types/whatwg-streams": "*"
      }
    },
    "node_modules/@types/whatwg-streams": {
      "version": "3.2.1",
      "dev": true,
      "license": "MIT",
      "dependencies": {
        "whatwg-streams": "*"
      }
    },
    "node_modules/astring": {
      "version": "1.8.6",
      "dev": true,
      "license": "MIT",
      "bin": {
        "astring": "bin/astring"
      }
    },
    "node_modules/autocompleter": {
      "version": "9.3.2",
      "license": "MIT"
    },
    "node_modules/bluebird": {
      "version": "1.0.8",
      "dev": true,
      "license": "MIT"
    },
    "node_modules/braces": {
      "version": "3.0.3",
      "dev": true,
      "license": "MIT",
      "dependencies": {
        "fill-range": "^7.1.1"
      },
      "engines": {
        "node": ">=8"
      }
    },
    "node_modules/bulma": {
      "version": "1.0.4",
      "license": "MIT"
    },
    "node_modules/chokidar": {
      "version": "4.0.0",
      "dev": true,
      "license": "MIT",
      "dependencies": {
        "readdirp": "^4.0.1"
      },
      "engines": {
        "node": ">= 14.16.0"
      },
      "funding": {
        "url": "https://paulmillr.com/funding/"
      }
    },
    "node_modules/deep-equal": {
      "version": "0.1.2",
      "dev": true,
      "license": "MIT"
    },
    "node_modules/defined": {
      "version": "0.0.0",
      "dev": true,
      "license": "MIT"
    },
    "node_modules/dequal": {
      "version": "2.0.3",
      "license": "MIT",
      "engines": {
        "node": ">=6"
      }
    },
    "node_modules/detect-libc": {
      "version": "1.0.3",
      "dev": true,
      "license": "Apache-2.0",
      "optional": true,
      "bin": {
        "detect-libc": "bin/detect-libc.js"
      },
      "engines": {
        "node": ">=0.10"
      }
    },
    "node_modules/dompurify": {
      "version": "3.2.6",
      "resolved": "https://registry.npmjs.org/dompurify/-/dompurify-3.2.6.tgz",
      "integrity": "sha512-/2GogDQlohXPZe6D6NOgQvXLPSYBqIWMnZ8zzOhn09REE4eyAzb+Hed3jhoM9OkuaJ8P6ZGTTVWQKAi8ieIzfQ==",
      "license": "(MPL-2.0 OR Apache-2.0)",
      "optionalDependencies": {
        "@types/trusted-types": "^2.0.7"
      }
    },
    "node_modules/esbuild": {
      "version": "0.25.1",
      "dev": true,
      "hasInstallScript": true,
      "license": "MIT",
      "bin": {
        "esbuild": "bin/esbuild"
      },
      "engines": {
        "node": ">=18"
      },
      "optionalDependencies": {
        "@esbuild/aix-ppc64": "0.25.1",
        "@esbuild/android-arm": "0.25.1",
        "@esbuild/android-arm64": "0.25.1",
        "@esbuild/android-x64": "0.25.1",
        "@esbuild/darwin-arm64": "0.25.1",
        "@esbuild/darwin-x64": "0.25.1",
        "@esbuild/freebsd-arm64": "0.25.1",
        "@esbuild/freebsd-x64": "0.25.1",
        "@esbuild/linux-arm": "0.25.1",
        "@esbuild/linux-arm64": "0.25.1",
        "@esbuild/linux-ia32": "0.25.1",
        "@esbuild/linux-loong64": "0.25.1",
        "@esbuild/linux-mips64el": "0.25.1",
        "@esbuild/linux-ppc64": "0.25.1",
        "@esbuild/linux-riscv64": "0.25.1",
        "@esbuild/linux-s390x": "0.25.1",
        "@esbuild/linux-x64": "0.25.1",
        "@esbuild/netbsd-arm64": "0.25.1",
        "@esbuild/netbsd-x64": "0.25.1",
        "@esbuild/openbsd-arm64": "0.25.1",
        "@esbuild/openbsd-x64": "0.25.1",
        "@esbuild/sunos-x64": "0.25.1",
        "@esbuild/win32-arm64": "0.25.1",
        "@esbuild/win32-ia32": "0.25.1",
        "@esbuild/win32-x64": "0.25.1"
      }
    },
    "node_modules/estree-walker": {
      "version": "2.0.2",
      "dev": true,
      "license": "MIT"
    },
    "node_modules/excel-builder-vanilla": {
      "version": "4.0.1",
      "resolved": "https://registry.npmjs.org/excel-builder-vanilla/-/excel-builder-vanilla-4.0.1.tgz",
      "integrity": "sha512-WVG7KAO0VQS6qxFW93mRNFICmOt9q2xaHve+W3Um5kzRfd02949JRF0PduaFtm3OLj/D78tUR01HCApO3USXeg==",
      "license": "MIT",
      "dependencies": {
        "fflate": "^0.8.2"
      },
      "funding": {
        "type": "ko_fi",
        "url": "https://ko-fi.com/ghiscoding"
      }
    },
    "node_modules/fast-glob": {
      "version": "3.3.2",
      "dev": true,
      "license": "MIT",
      "dependencies": {
        "@nodelib/fs.stat": "^2.0.2",
        "@nodelib/fs.walk": "^1.2.3",
        "glob-parent": "^5.1.2",
        "merge2": "^1.3.0",
        "micromatch": "^4.0.4"
      },
      "engines": {
        "node": ">=8.6.0"
      }
    },
    "node_modules/fastq": {
      "version": "1.17.1",
      "dev": true,
      "license": "ISC",
      "dependencies": {
        "reusify": "^1.0.4"
      }
    },
    "node_modules/fdir": {
      "version": "6.4.4",
      "dev": true,
      "license": "MIT",
      "peerDependencies": {
        "picomatch": "^3 || ^4"
      },
      "peerDependenciesMeta": {
        "picomatch": {
          "optional": true
        }
      }
    },
    "node_modules/fflate": {
      "version": "0.8.2",
      "resolved": "https://registry.npmjs.org/fflate/-/fflate-0.8.2.tgz",
      "integrity": "sha512-cPJU47OaAoCbg0pBvzsgpTPhmhqI5eJjh/JIu8tPj5q+T7iLvW/JAYUqmE7KOB4R1ZyEhzBaIQpQpardBF5z8A==",
      "license": "MIT"
    },
    "node_modules/fill-range": {
      "version": "7.1.1",
      "dev": true,
      "license": "MIT",
      "dependencies": {
        "to-regex-range": "^5.0.1"
      },
      "engines": {
        "node": ">=8"
      }
    },
    "node_modules/fsevents": {
      "version": "2.3.3",
      "resolved": "https://registry.npmjs.org/fsevents/-/fsevents-2.3.3.tgz",
      "integrity": "sha512-5xoDfX+fL7faATnagmWPpbFtwh/R77WmMMqqHGS65C3vvB0YHrgF+B1YmZ3441tMj5n63k0212XNoJwzlhffQw==",
      "dev": true,
      "hasInstallScript": true,
      "license": "MIT",
      "optional": true,
      "os": [
        "darwin"
      ],
      "engines": {
        "node": "^8.16.0 || ^10.6.0 || >=11.0.0"
      }
    },
    "node_modules/glob-parent": {
      "version": "5.1.2",
      "dev": true,
      "license": "ISC",
      "dependencies": {
        "is-glob": "^4.0.1"
      },
      "engines": {
        "node": ">= 6"
      }
    },
    "node_modules/immutable": {
      "version": "5.0.3",
      "dev": true,
      "license": "MIT"
    },
    "node_modules/inherits": {
      "version": "2.0.4",
      "dev": true,
      "license": "ISC"
    },
    "node_modules/is-extglob": {
      "version": "2.1.1",
      "dev": true,
      "license": "MIT",
      "engines": {
        "node": ">=0.10.0"
      }
    },
    "node_modules/is-glob": {
      "version": "4.0.3",
      "dev": true,
      "license": "MIT",
      "dependencies": {
        "is-extglob": "^2.1.1"
      },
      "engines": {
        "node": ">=0.10.0"
      }
    },
    "node_modules/is-number": {
      "version": "7.0.0",
      "dev": true,
      "license": "MIT",
      "engines": {
        "node": ">=0.12.0"
      }
    },
    "node_modules/jsonify": {
      "version": "0.0.1",
      "dev": true,
      "license": "Public Domain",
      "funding": {
        "url": "https://github.com/sponsors/ljharb"
      }
    },
    "node_modules/magic-string": {
      "version": "0.30.5",
      "dev": true,
      "license": "MIT",
      "dependencies": {
        "@jridgewell/sourcemap-codec": "^1.4.15"
      },
      "engines": {
        "node": ">=12"
      }
    },
    "node_modules/merge2": {
      "version": "1.4.1",
      "dev": true,
      "license": "MIT",
      "engines": {
        "node": ">= 8"
      }
    },
    "node_modules/micromatch": {
      "version": "4.0.8",
      "dev": true,
      "license": "MIT",
      "dependencies": {
        "braces": "^3.0.3",
        "picomatch": "^2.3.1"
      },
      "engines": {
        "node": ">=8.6"
      }
    },
    "node_modules/micromatch/node_modules/picomatch": {
      "version": "2.3.1",
      "dev": true,
      "license": "MIT",
      "engines": {
        "node": ">=8.6"
      },
      "funding": {
        "url": "https://github.com/sponsors/jonschlinkert"
      }
    },
    "node_modules/multiple-select-vanilla": {
      "version": "4.2.0",
      "resolved": "https://registry.npmjs.org/multiple-select-vanilla/-/multiple-select-vanilla-4.2.0.tgz",
      "integrity": "sha512-EYtFeOZ0yYrsrznaxlGN8OFr3WTQel9E8gTW7SYaJq6x5UeaNL4bbLxkLt3KvsvWHssKYXdCKQrijmBg55dK4Q==",
      "license": "MIT",
      "dependencies": {
        "@types/trusted-types": "^2.0.7"
      },
      "funding": {
        "type": "ko_fi",
        "url": "https://ko-fi.com/ghiscoding"
      }
    },
    "node_modules/nanoid": {
      "version": "3.3.8",
      "dev": true,
      "funding": [
        {
          "type": "github",
          "url": "https://github.com/sponsors/ai"
        }
      ],
      "license": "MIT",
      "bin": {
        "nanoid": "bin/nanoid.cjs"
      },
      "engines": {
        "node": "^10 || ^12 || ^13.7 || ^14 || >=15.0.1"
      }
    },
    "node_modules/node-addon-api": {
      "version": "7.1.1",
      "dev": true,
      "license": "MIT",
      "optional": true
    },
    "node_modules/picocolors": {
      "version": "1.1.1",
      "dev": true,
      "license": "ISC"
    },
    "node_modules/picomatch": {
      "version": "4.0.2",
      "dev": true,
      "license": "MIT",
      "engines": {
        "node": ">=12"
      },
      "funding": {
        "url": "https://github.com/sponsors/jonschlinkert"
      }
    },
    "node_modules/postcss": {
      "version": "8.5.3",
      "dev": true,
      "funding": [
        {
          "type": "opencollective",
          "url": "https://opencollective.com/postcss/"
        },
        {
          "type": "tidelift",
          "url": "https://tidelift.com/funding/github/npm/postcss"
        },
        {
          "type": "github",
          "url": "https://github.com/sponsors/ai"
        }
      ],
      "license": "MIT",
      "dependencies": {
        "nanoid": "^3.3.8",
        "picocolors": "^1.1.1",
        "source-map-js": "^1.2.1"
      },
      "engines": {
        "node": "^10 || ^12 || >=14"
      }
    },
    "node_modules/postcss/node_modules/source-map-js": {
      "version": "1.2.1",
      "dev": true,
      "license": "BSD-3-Clause",
      "engines": {
        "node": ">=0.10.0"
      }
    },
    "node_modules/queue-microtask": {
      "version": "1.2.3",
      "dev": true,
      "funding": [
        {
          "type": "github",
          "url": "https://github.com/sponsors/feross"
        },
        {
          "type": "patreon",
          "url": "https://www.patreon.com/feross"
        },
        {
          "type": "consulting",
          "url": "https://feross.org/support"
        }
      ],
      "license": "MIT"
    },
    "node_modules/readdirp": {
      "version": "4.0.1",
      "dev": true,
      "license": "MIT",
      "engines": {
        "node": ">= 14.16.0"
      },
      "funding": {
        "type": "individual",
        "url": "https://paulmillr.com/funding/"
      }
    },
    "node_modules/resumer": {
      "version": "0.0.0",
      "dev": true,
      "license": "MIT",
      "dependencies": {
        "through": "~2.3.4"
      }
    },
    "node_modules/reusify": {
      "version": "1.0.4",
      "dev": true,
      "license": "MIT",
      "engines": {
        "iojs": ">=1.0.0",
        "node": ">=0.10.0"
      }
    },
    "node_modules/rollup": {
      "version": "3.29.5",
      "resolved": "https://registry.npmjs.org/rollup/-/rollup-3.29.5.tgz",
      "integrity": "sha512-GVsDdsbJzzy4S/v3dqWPJ7EfvZJfCHiDqe80IyrF59LYuP+e6U1LJoUqeuqRbwAWoMNoXivMNeNAOf5E22VA1w==",
      "dev": true,
      "license": "MIT",
      "optional": true,
      "peer": true,
      "bin": {
        "rollup": "dist/bin/rollup"
      },
      "engines": {
        "node": ">=14.18.0",
        "npm": ">=8.0.0"
      },
      "optionalDependencies": {
        "fsevents": "~2.3.2"
      }
    },
    "node_modules/run-parallel": {
      "version": "1.2.0",
      "dev": true,
      "funding": [
        {
          "type": "github",
          "url": "https://github.com/sponsors/feross"
        },
        {
          "type": "patreon",
          "url": "https://www.patreon.com/feross"
        },
        {
          "type": "consulting",
          "url": "https://feross.org/support"
        }
      ],
      "license": "MIT",
      "dependencies": {
        "queue-microtask": "^1.2.2"
      }
    },
    "node_modules/rxjs": {
      "version": "7.8.2",
      "license": "Apache-2.0",
      "dependencies": {
        "tslib": "^2.1.0"
      }
    },
    "node_modules/sass": {
      "version": "1.89.1",
      "resolved": "https://registry.npmjs.org/sass/-/sass-1.89.1.tgz",
      "integrity": "sha512-eMLLkl+qz7tx/0cJ9wI+w09GQ2zodTkcE/aVfywwdlRcI3EO19xGnbmJwg/JMIm+5MxVJ6outddLZ4Von4E++Q==",
      "dev": true,
      "license": "MIT",
      "dependencies": {
        "chokidar": "^4.0.0",
        "immutable": "^5.0.2",
        "source-map-js": ">=0.6.2 <2.0.0"
      },
      "bin": {
        "sass": "sass.js"
      },
      "engines": {
        "node": ">=14.0.0"
      },
      "optionalDependencies": {
        "@parcel/watcher": "^2.4.1"
      }
    },
    "node_modules/sortablejs": {
      "version": "1.15.6",
      "license": "MIT"
    },
    "node_modules/source-map-js": {
      "version": "1.0.2",
      "dev": true,
      "license": "BSD-3-Clause",
      "engines": {
        "node": ">=0.10.0"
      }
    },
    "node_modules/tape": {
      "version": "2.3.3",
      "dev": true,
      "license": "MIT",
      "dependencies": {
        "deep-equal": "~0.1.0",
        "defined": "~0.0.0",
        "inherits": "~2.0.1",
        "jsonify": "~0.0.0",
        "resumer": "~0.0.0",
        "through": "~2.3.4"
      },
      "bin": {
        "tape": "bin/tape"
      }
    },
    "node_modules/text-encoding-utf-8": {
      "version": "1.0.2"
    },
    "node_modules/through": {
      "version": "2.3.8",
      "dev": true,
      "license": "MIT"
    },
    "node_modules/tinyglobby": {
      "version": "0.2.13",
      "dev": true,
      "license": "MIT",
      "dependencies": {
        "fdir": "^6.4.4",
        "picomatch": "^4.0.2"
      },
      "engines": {
        "node": ">=12.0.0"
      },
      "funding": {
        "url": "https://github.com/sponsors/SuperchupuDev"
      }
    },
    "node_modules/to-regex-range": {
      "version": "5.0.1",
      "dev": true,
      "license": "MIT",
      "dependencies": {
        "is-number": "^7.0.0"
      },
      "engines": {
        "node": ">=8.0"
      }
    },
    "node_modules/tslib": {
      "version": "2.4.1",
      "license": "0BSD"
    },
    "node_modules/typescript": {
      "version": "5.8.3",
      "dev": true,
      "license": "Apache-2.0",
      "bin": {
        "tsc": "bin/tsc",
        "tsserver": "bin/tsserver"
      },
      "engines": {
        "node": ">=14.17"
      }
    },
    "node_modules/un-flatten-tree": {
      "version": "2.0.12",
      "license": "MIT"
    },
    "node_modules/undici-types": {
      "version": "6.21.0",
      "dev": true,
      "license": "MIT"
    },
    "node_modules/vanilla-calendar-pro": {
      "version": "3.0.4",
      "resolved": "https://registry.npmjs.org/vanilla-calendar-pro/-/vanilla-calendar-pro-3.0.4.tgz",
      "integrity": "sha512-i13aJsfovlfRGm7zkoxYh9WylkdLVJkjmfZjJms5cb5i/lbnPTBaDQ0J51joC3Q4h66sFpEUjA4bXLAr/OPZ2w==",
      "license": "MIT",
      "funding": {
        "type": "individual",
        "url": "https://buymeacoffee.com/uvarov"
      }
    },
    "node_modules/vite": {
      "version": "6.3.5",
      "resolved": "https://registry.npmjs.org/vite/-/vite-6.3.5.tgz",
      "integrity": "sha512-cZn6NDFE7wdTpINgs++ZJ4N49W2vRp8LCKrn3Ob1kYNtOo21vfDoaV5GzBfLU4MovSAB8uNRm4jgzVQZ+mBzPQ==",
      "dev": true,
      "license": "MIT",
      "dependencies": {
        "esbuild": "^0.25.0",
        "fdir": "^6.4.4",
        "picomatch": "^4.0.2",
        "postcss": "^8.5.3",
        "rollup": "^4.34.9",
        "tinyglobby": "^0.2.13"
      },
      "bin": {
        "vite": "bin/vite.js"
      },
      "engines": {
        "node": "^18.0.0 || ^20.0.0 || >=22.0.0"
      },
      "funding": {
        "url": "https://github.com/vitejs/vite?sponsor=1"
      },
      "optionalDependencies": {
        "fsevents": "~2.3.3"
      },
      "peerDependencies": {
        "@types/node": "^18.0.0 || ^20.0.0 || >=22.0.0",
        "jiti": ">=1.21.0",
        "less": "*",
        "lightningcss": "^1.21.0",
        "sass": "*",
        "sass-embedded": "*",
        "stylus": "*",
        "sugarss": "*",
        "terser": "^5.16.0",
        "tsx": "^4.8.1",
        "yaml": "^2.4.2"
      },
      "peerDependenciesMeta": {
        "@types/node": {
          "optional": true
        },
        "jiti": {
          "optional": true
        },
        "less": {
          "optional": true
        },
        "lightningcss": {
          "optional": true
        },
        "sass": {
          "optional": true
        },
        "sass-embedded": {
          "optional": true
        },
        "stylus": {
          "optional": true
        },
        "sugarss": {
          "optional": true
        },
        "terser": {
          "optional": true
        },
        "tsx": {
          "optional": true
        },
        "yaml": {
          "optional": true
        }
      }
    },
    "node_modules/vite/node_modules/rollup": {
      "version": "4.40.2",
      "resolved": "https://registry.npmjs.org/rollup/-/rollup-4.40.2.tgz",
      "integrity": "sha512-tfUOg6DTP4rhQ3VjOO6B4wyrJnGOX85requAXvqYTHsOgb2TFJdZ3aWpT8W2kPoypSGP7dZUyzxJ9ee4buM5Fg==",
      "dev": true,
      "license": "MIT",
      "dependencies": {
        "@types/estree": "1.0.7"
      },
      "bin": {
        "rollup": "dist/bin/rollup"
      },
      "engines": {
        "node": ">=18.0.0",
        "npm": ">=8.0.0"
      },
      "optionalDependencies": {
        "@rollup/rollup-android-arm-eabi": "4.40.2",
        "@rollup/rollup-android-arm64": "4.40.2",
        "@rollup/rollup-darwin-arm64": "4.40.2",
        "@rollup/rollup-darwin-x64": "4.40.2",
        "@rollup/rollup-freebsd-arm64": "4.40.2",
        "@rollup/rollup-freebsd-x64": "4.40.2",
        "@rollup/rollup-linux-arm-gnueabihf": "4.40.2",
        "@rollup/rollup-linux-arm-musleabihf": "4.40.2",
        "@rollup/rollup-linux-arm64-gnu": "4.40.2",
        "@rollup/rollup-linux-arm64-musl": "4.40.2",
        "@rollup/rollup-linux-loongarch64-gnu": "4.40.2",
        "@rollup/rollup-linux-powerpc64le-gnu": "4.40.2",
        "@rollup/rollup-linux-riscv64-gnu": "4.40.2",
        "@rollup/rollup-linux-riscv64-musl": "4.40.2",
        "@rollup/rollup-linux-s390x-gnu": "4.40.2",
        "@rollup/rollup-linux-x64-gnu": "4.40.2",
        "@rollup/rollup-linux-x64-musl": "4.40.2",
        "@rollup/rollup-win32-arm64-msvc": "4.40.2",
        "@rollup/rollup-win32-ia32-msvc": "4.40.2",
        "@rollup/rollup-win32-x64-msvc": "4.40.2",
        "fsevents": "~2.3.2"
      }
    },
    "node_modules/whatwg-fetch": {
      "version": "3.6.20",
      "license": "MIT"
    },
    "node_modules/whatwg-streams": {
      "version": "0.1.1",
      "dev": true,
      "dependencies": {
        "bluebird": "~1.0.0",
        "tape": "~2.3.2"
      }
    }
  }
}
